{
  "pins" : [
    {
      "identity" : "generictableview",
      "kind" : "remoteSourceControl",
      "location" : "https://github.com/as-pi/GenericTableView",
      "state" : {
        "revision" : "98831580dd26b341264a3fb983bf1ee458e818e5",
        "version" : "0.0.1"
      }
    }
  ],
  "version" : 2
}
