{
  "pins" : [
    {
      "identity" : "generictableview",
      "kind" : "remoteSourceControl",
      "location" : "https://github.com/as-pi/GenericTableView",
      "state" : {
        "revision" : "384544ea3974f6c414031b9903599bda096e4ecf",
        "version" : "0.0.1"
      }
    }
  ],
  "version" : 2
}
