{
  "pins" : [
    {
      "identity" : "generictableview",
      "kind" : "remoteSourceControl",
      "location" : "https://github.com/as-pi/GenericTableView",
      "state" : {
        "revision" : "a0449cf51522fac962f0fb0909d9ebb3aa94e074",
        "version" : "0.0.1"
      }
    }
  ],
  "version" : 2
}
